
Microsoft Visual Studio Solution File, Format Version 12.00
# Visual Studio Version 16
VisualStudioVersion = 16.0.32510.428
MinimumVisualStudioVersion = 10.0.40219.1
Project("{FAE04EC0-301F-11D3-BF4B-00C04F79EFBC}") = "BigSchooll_PhanTrongNhan", "BigSchooll_PhanTrongNhan\BigSchooll_PhanTrongNhan.csproj", "{29C202FD-0688-414D-80C7-D35551B2D289}"
EndProject
Global
	GlobalSection(SolutionConfigurationPlatforms) = preSolution
		Debug|Any CPU = Debug|Any CPU
		Release|Any CPU = Release|Any CPU
	EndGlobalSection
	GlobalSection(ProjectConfigurationPlatforms) = postSolution
		{29C202FD-0688-414D-80C7-D35551B2D289}.Debug|Any CPU.ActiveCfg = Debug|Any CPU
		{29C202FD-0688-414D-80C7-D35551B2D289}.Debug|Any CPU.Build.0 = Debug|Any CPU
		{29C202FD-0688-414D-80C7-D35551B2D289}.Release|Any CPU.ActiveCfg = Release|Any CPU
		{29C202FD-0688-414D-80C7-D35551B2D289}.Release|Any CPU.Build.0 = Release|Any CPU
	EndGlobalSection
	GlobalSection(SolutionProperties) = preSolution
		HideSolutionNode = FALSE
	EndGlobalSection
	GlobalSection(ExtensibilityGlobals) = postSolution
		SolutionGuid = {F6B9D355-AECF-489B-A7A3-4A6A260A2FD1}
	EndGlobalSection
EndGlobal
